{
  "name": "simple-tip3-token",
  "version": "1.0.0",
  "lockfileVersion": 1,
  "requires": true,
  "dependencies": {
    "@tonclient/appkit": {
      "version": "0.3.0",
      "resolved": "https://registry.npmjs.org/@tonclient/appkit/-/appkit-0.3.0.tgz",
      "integrity": "sha512-ZIl3od8kQL/8zvhn+dnZpnaWxuBWrE2YaxIf+McURHLUG1l5aL/yzrIzUq5kgz/HokJnLaEMcCAhmO09FeofNw==",
      "requires": {
        "@tonclient/core": "^1"
      }
    },
    "@tonclient/core": {
      "version": "1.28.0",
      "resolved": "https://registry.npmjs.org/@tonclient/core/-/core-1.28.0.tgz",
      "integrity": "sha512-Wxcevsrw/UlLjv6+eHXqBydbMa1GuYR1tXob+ebogxzZlyF0OE4IEs3GOszS49XrXRaIL2lHCg3ZLDRKocPAQQ=="
    },
    "@tonclient/lib-node": {
      "version": "1.28.0",
      "resolved": "https://registry.npmjs.org/@tonclient/lib-node/-/lib-node-1.28.0.tgz",
      "integrity": "sha512-MTwTC6inmVAyI/7TFjN84PR94F3cgeosJChPTlYpBIQTalAZ0duWmWoQJIdXnPb7hlT8ttqRVL/m8IeOJMvlxg=="
    }
  }
}
